
Microsoft Visual Studio Solution File, Format Version 12.00
Project("{FAE04EC0-301F-11D3-BF4B-00C04F79EFBC}") = "CogesQuizApp", "CogesQuizApp\CogesQuizApp.csproj", "{67035E0B-9B0E-494F-AA15-6E99D01BA33B}"
EndProject
Global
	GlobalSection(SolutionConfigurationPlatforms) = preSolution
		Debug|Any CPU = Debug|Any CPU
		Release|Any CPU = Release|Any CPU
	EndGlobalSection
	GlobalSection(ProjectConfigurationPlatforms) = postSolution
		{67035E0B-9B0E-494F-AA15-6E99D01BA33B}.Debug|Any CPU.ActiveCfg = Debug|Any CPU
		{67035E0B-9B0E-494F-AA15-6E99D01BA33B}.Debug|Any CPU.Build.0 = Debug|Any CPU
		{67035E0B-9B0E-494F-AA15-6E99D01BA33B}.Release|Any CPU.ActiveCfg = Release|Any CPU
		{67035E0B-9B0E-494F-AA15-6E99D01BA33B}.Release|Any CPU.Build.0 = Release|Any CPU
	EndGlobalSection
EndGlobal
